hash: e5eddd81e6296df805f43f788b0b4c2306c93fef778b6328ae9dbd8c7a158928
updated: 2016-11-13T21:25:28.955555544-05:00
imports:
- name: github.com/aai/gocrypto
  version: 93df0c47f8b8301aa058dcfb98c82c8be3ba665e
  subpackages:
  - pkcs7
- name: github.com/go-sql-driver/mysql
  version: 8f6c67f0228a4a6a962008d6c3d1e694e4532e71
- name: github.com/jasonlvhit/gocron
  version: 42a5804d37aa0b9239b265e894a16b8edbf52d54
- name: github.com/RobotsAndPencils/buford
  version: d6d71aff1447ced56016d09a5d74f4ea488a2d75
  subpackages:
  - certificate
  - payload
  - push
  - payload/badge
- name: github.com/urfave/cli
  version: d86a009f5e13f83df65d0d6cee9a2e3f1445f0da
- name: github.com/yenchieh/swing-push-worker
  version: 7cd6dd6e9456eed97983b3e7de1f385e82b176ca
- name: golang.org/x/crypto
  version: 9477e0b78b9ac3d0b03822fd95422e2fe07627cd
  subpackages:
  - pkcs12
  - pkcs12/internal/rc2
- name: golang.org/x/net
  version: 4bb47a1098b37d69980d96237e2ae4ff56bb5a95
  subpackages:
  - http2
  - http2/hpack
  - idna
  - lex/httplex
devImports: []
